// !$*UTF8*$!
{
	archiveVersion = 1;
	classes = {
	};
	objectVersion = 46;
	objects = {

/* Begin PBXBuildFile section */
		7CB14F851C7F3CE9009A5486 /* AppDelegate.swift in Sources */ = {isa = PBXBuildFile; fileRef = 7CB14F841C7F3CE9009A5486 /* AppDelegate.swift */; };
		7CB14F871C7F3CE9009A5486 /* ViewController.swift in Sources */ = {isa = PBXBuildFile; fileRef = 7CB14F861C7F3CE9009A5486 /* ViewController.swift */; };
		7CB14F8A1C7F3CE9009A5486 /* Main.storyboard in Resources */ = {isa = PBXBuildFile; fileRef = 7CB14F881C7F3CE9009A5486 /* Main.storyboard */; };
		7CB14F8C1C7F3CE9009A5486 /* Assets.xcassets in Resources */ = {isa = PBXBuildFile; fileRef = 7CB14F8B1C7F3CE9009A5486 /* Assets.xcassets */; };
		7CB14F8F1C7F3CE9009A5486 /* LaunchScreen.storyboard in Resources */ = {isa = PBXBuildFile; fileRef = 7CB14F8D1C7F3CE9009A5486 /* LaunchScreen.storyboard */; };
/* End PBXBuildFile section */

/* Begin PBXFileReference section */
		7CB14F811C7F3CE9009A5486 /* supercool2.app */ = {isa = PBXFileReference; explicitFileType = wrapper.application; includeInIndex = 0; path = supercool2.app; sourceTree = BUILT_PRODUCTS_DIR; };
		7CB14F841C7F3CE9009A5486 /* AppDelegate.swift */ = {isa = PBXFileReference; lastKnownFileType = sourcecode.swift; path = AppDelegate.swift; sourceTree = "<group>"; };
		7CB14F861C7F3CE9009A5486 /* ViewController.swift */ = {isa = PBXFileReference; lastKnownFileType = sourcecode.swift; path = ViewController.swift; sourceTree = "<group>"; };
		7CB14F891C7F3CE9009A5486 /* Base */ = {isa = PBXFileReference; lastKnownFileType = file.storyboard; name = Base; path = Base.lproj/Main.storyboard; sourceTree = "<group>"; };
		7CB14F8B1C7F3CE9009A5486 /* Assets.xcassets */ = {isa = PBXFileReference; lastKnownFileType = folder.assetcatalog; path = Assets.xcassets; sourceTree = "<group>"; };
		7CB14F8E1C7F3CE9009A5486 /* Base */ = {isa = PBXFileReference; lastKnownFileType = file.storyboard; name = Base; path = Base.lproj/LaunchScreen.storyboard; sourceTree = "<group>"; };
		7CB14F901C7F3CE9009A5486 /* Info.plist */ = {isa = PBXFileReference; lastKnownFileType = text.plist.xml; path = Info.plist; sourceTree = "<group>"; };
/* End PBXFileReference section */

/* Begin PBXFrameworksBuildPhase section */
		7CB14F7E1C7F3CE9009A5486 /* Frameworks */ = {
			isa = PBXFrameworksBuildPhase;
			buildActionMask = 2147483647;
			files = (
			);
			runOnlyForDeploymentPostprocessing = 0;
		};
/* End PBXFrameworksBuildPhase section */

/* Begin PBXGroup section */
		7CB14F781C7F3CE8009A5486 = {
			isa = PBXGroup;
			children = (
				7CB14F831C7F3CE9009A5486 /* supercool2 */,
				7CB14F821C7F3CE9009A5486 /* Products */,
			);
			sourceTree = "<group>";
		};
		7CB14F821C7F3CE9009A5486 /* Products */ = {
			isa = PBXGroup;
			children = (
				7CB14F811C7F3CE9009A5486 /* supercool2.app */,
			);
			name = Products;
			sourceTree = "<group>";
		};
		7CB14F831C7F3CE9009A5486 /* supercool2 */ = {
			isa = PBXGroup;
			children = (
				7CB14F841C7F3CE9009A5486 /* AppDelegate.swift */,
				7CB14F861C7F3CE9009A5486 /* ViewController.swift */,
				7CB14F881C7F3CE9009A5486 /* Main.storyboard */,
				7CB14F8B1C7F3CE9009A5486 /* Assets.xcassets */,
				7CB14F8D1C7F3CE9009A5486 /* LaunchScreen.storyboard */,
				7CB14F901C7F3CE9009A5486 /* Info.plist */,
			);
			path = supercool2;
			sourceTree = "<group>";
		};
/* End PBXGroup section */

/* Begin PBXNativeTarget section */
		7CB14F801C7F3CE9009A5486 /* supercool2 */ = {
			isa = PBXNativeTarget;
			buildConfigurationList = 7CB14F931C7F3CE9009A5486 /* Build configuration list for PBXNativeTarget "supercool2" */;
			buildPhases = (
				7CB14F7D1C7F3CE9009A5486 /* Sources */,
				7CB14F7E1C7F3CE9009A5486 /* Frameworks */,
				7CB14F7F1C7F3CE9009A5486 /* Resources */,
			);
			buildRules = (
			);
			dependencies = (
			);
			name = supercool2;
			productName = supercool2;
			productReference = 7CB14F811C7F3CE9009A5486 /* supercool2.app */;
			productType = "com.apple.product-type.application";
		};
/* End PBXNativeTarget section */

/* Begin PBXProject section */
		7CB14F791C7F3CE8009A5486 /* Project object */ = {
			isa = PBXProject;
			attributes = {
				LastSwiftUpdateCheck = 0720;
				LastUpgradeCheck = 0720;
				ORGANIZATIONNAME = Harry;
				TargetAttributes = {
					7CB14F801C7F3CE9009A5486 = {
						CreatedOnToolsVersion = 7.2.1;
						DevelopmentTeam = 6YA9NWCL44;
					};
				};
			};
			buildConfigurationList = 7CB14F7C1C7F3CE8009A5486 /* Build configuration list for PBXProject "supercool2" */;
			compatibilityVersion = "Xcode 3.2";
			developmentRegion = English;
			hasScannedForEncodings = 0;
			knownRegions = (
				en,
				Base,
			);
			mainGroup = 7CB14F781C7F3CE8009A5486;
			productRefGroup = 7CB14F821C7F3CE9009A5486 /* Products */;
			projectDirPath = "";
			projectRoot = "";
			targets = (
				7CB14F801C7F3CE9009A5486 /* supercool2 */,
			);
		};
/* End PBXProject section */

/* Begin PBXResourcesBuildPhase section */
		7CB14F7F1C7F3CE9009A5486 /* Resources */ = {
			isa = PBXResourcesBuildPhase;
			buildActionMask = 2147483647;
			files = (
				7CB14F8F1C7F3CE9009A5486 /* LaunchScreen.storyboard in Resources */,
				7CB14F8C1C7F3CE9009A5486 /* Assets.xcassets in Resources */,
				7CB14F8A1C7F3CE9009A5486 /* Main.storyboard in Resources */,
			);
			runOnlyForDeploymentPostprocessing = 0;
		};
/* End PBXResourcesBuildPhase section */

/* Begin PBXSourcesBuildPhase section */
		7CB14F7D1C7F3CE9009A5486 /* Sources */ = {
			isa = PBXSourcesBuildPhase;
			buildActionMask = 2147483647;
			files = (
				7CB14F871C7F3CE9009A5486 /* ViewController.swift in Sources */,
				7CB14F851C7F3CE9009A5486 /* AppDelegate.swift in Sources */,
			);
			runOnlyForDeploymentPostprocessing = 0;
		};
/* End PBXSourcesBuildPhase section */

/* Begin PBXVariantGroup section */
		7CB14F881C7F3CE9009A5486 /* Main.storyboard */ = {
			isa = PBXVariantGroup;
			children = (
				7CB14F891C7F3CE9009A5486 /* Base */,
			);
			name = Main.storyboard;
			sourceTree = "<group>";
		};
		7CB14F8D1C7F3CE9009A5486 /* LaunchScreen.storyboard */ = {
			isa = PBXVariantGroup;
			children = (
				7CB14F8E1C7F3CE9009A5486 /* Base */,
			);
			name = LaunchScreen.storyboard;
			sourceTree = "<group>";
		};
/* End PBXVariantGroup section */

/* Begin XCBuildConfiguration section */
		7CB14F911C7F3CE9009A5486 /* Debug */ = {
			isa = XCBuildConfiguration;
			buildSettings = {
				ALWAYS_SEARCH_USER_PATHS = NO;
				CLANG_CXX_LANGUAGE_STANDARD = "gnu++0x";
				CLANG_CXX_LIBRARY = "libc++";
				CLANG_ENABLE_MODULES = YES;
				CLANG_ENABLE_OBJC_ARC = YES;
				CLANG_WARN_BOOL_CONVERSION = YES;
				CLANG_WARN_CONSTANT_CONVERSION = YES;
				CLANG_WARN_DIRECT_OBJC_ISA_USAGE = YES_ERROR;
				CLANG_WARN_EMPTY_BODY = YES;
				CLANG_WARN_ENUM_CONVERSION = YES;
				CLANG_WARN_INT_CONVERSION = YES;
				CLANG_WARN_OBJC_ROOT_CLASS = YES_ERROR;
				CLANG_WARN_UNREACHABLE_CODE = YES;
				CLANG_WARN__DUPLICATE_METHOD_MATCH = YES;
				"CODE_SIGN_IDENTITY[sdk=iphoneos*]" = "iPhone Developer";
				COPY_PHASE_STRIP = NO;
				DEBUG_INFORMATION_FORMAT = dwarf;
				ENABLE_STRICT_OBJC_MSGSEND = YES;
				ENABLE_TESTABILITY = YES;
				GCC_C_LANGUAGE_STANDARD = gnu99;
				GCC_DYNAMIC_NO_PIC = NO;
				GCC_NO_COMMON_BLOCKS = YES;
				GCC_OPTIMIZATION_LEVEL = 0;
				GCC_PREPROCESSOR_DEFINITIONS = (
					"DEBUG=1",
					"$(inherited)",
				);
				GCC_WARN_64_TO_32_BIT_CONVERSION = YES;
				GCC_WARN_ABOUT_RETURN_TYPE = YES_ERROR;
				GCC_WARN_UNDECLARED_SELECTOR = YES;
				GCC_WARN_UNINITIALIZED_AUTOS = YES_AGGRESSIVE;
				GCC_WARN_UNUSED_FUNCTION = YES;
				GCC_WARN_UNUSED_VARIABLE = YES;
				IPHONEOS_DEPLOYMENT_TARGET = 9.2;
				MTL_ENABLE_DEBUG_INFO = YES;
				ONLY_ACTIVE_ARCH = YES;
				SDKROOT = iphoneos;
				SWIFT_OPTIMIZATION_LEVEL = "-Onone";
			};
			name = Debug;
		};
		7CB14F921C7F3CE9009A5486 /* Release */ = {
			isa = XCBuildConfiguration;
			buildSettings = {
				ALWAYS_SEARCH_USER_PATHS = NO;
				CLANG_CXX_LANGUAGE_STANDARD = "gnu++0x";
				CLANG_CXX_LIBRARY = "libc++";
				CLANG_ENABLE_MODULES = YES;
				CLANG_ENABLE_OBJC_ARC = YES;
				CLANG_WARN_BOOL_CONVERSION = YES;
				CLANG_WARN_CONSTANT_CONVERSION = YES;
				CLANG_WARN_DIRECT_OBJC_ISA_USAGE = YES_ERROR;
				CLANG_WARN_EMPTY_BODY = YES;
				CLANG_WARN_ENUM_CONVERSION = YES;
				CLANG_WARN_INT_CONVERSION = YES;
				CLANG_WARN_OBJC_ROOT_CLASS = YES_ERROR;
				CLANG_WARN_UNREACHABLE_CODE = YES;
				CLANG_WARN__DUPLICATE_METHOD_MATCH = YES;
				"CODE_SIGN_IDENTITY[sdk=iphoneos*]" = "iPhone Developer";
				COPY_PHASE_STRIP = NO;
				DEBUG_INFORMATION_FORMAT = "dwarf-with-dsym";
				ENABLE_NS_ASSERTIONS = NO;
				ENABLE_STRICT_OBJC_MSGSEND = YES;
				GCC_C_LANGUAGE_STANDARD = gnu99;
				GCC_NO_COMMON_BLOCKS = YES;
				GCC_WARN_64_TO_32_BIT_CONVERSION = YES;
				GCC_WARN_ABOUT_RETURN_TYPE = YES_ERROR;
				GCC_WARN_UNDECLARED_SELECTOR = YES;
				GCC_WARN_UNINITIALIZED_AUTOS = YES_AGGRESSIVE;
				GCC_WARN_UNUSED_FUNCTION = YES;
				GCC_WARN_UNUSED_VARIABLE = YES;
				IPHONEOS_DEPLOYMENT_TARGET = 9.2;
				MTL_ENABLE_DEBUG_INFO = NO;
				SDKROOT = iphoneos;
				VALIDATE_PRODUCT = YES;
			};
			name = Release;
		};
		7CB14F941C7F3CE9009A5486 /* Debug */ = {
			isa = XCBuildConfiguration;
			buildSettings = {
				ASSETCATALOG_COMPILER_APPICON_NAME = AppIcon;
				INFOPLIST_FILE = supercool2/Info.plist;
				LD_RUNPATH_SEARCH_PATHS = "$(inherited) @executable_path/Frameworks";
				PRODUCT_BUNDLE_IDENTIFIER = com.wittmannh.supercool2;
				PRODUCT_NAME = "$(TARGET_NAME)";
			};
			name = Debug;
		};
		7CB14F951C7F3CE9009A5486 /* Release */ = {
			isa = XCBuildConfiguration;
			buildSettings = {
				ASSETCATALOG_COMPILER_APPICON_NAME = AppIcon;
				INFOPLIST_FILE = supercool2/Info.plist;
				LD_RUNPATH_SEARCH_PATHS = "$(inherited) @executable_path/Frameworks";
				PRODUCT_BUNDLE_IDENTIFIER = com.wittmannh.supercool2;
				PRODUCT_NAME = "$(TARGET_NAME)";
			};
			name = Release;
		};
/* End XCBuildConfiguration section */

/* Begin XCConfigurationList section */
		7CB14F7C1C7F3CE8009A5486 /* Build configuration list for PBXProject "supercool2" */ = {
			isa = XCConfigurationList;
			buildConfigurations = (
				7CB14F911C7F3CE9009A5486 /* Debug */,
				7CB14F921C7F3CE9009A5486 /* Release */,
			);
			defaultConfigurationIsVisible = 0;
			defaultConfigurationName = Release;
		};
		7CB14F931C7F3CE9009A5486 /* Build configuration list for PBXNativeTarget "supercool2" */ = {
			isa = XCConfigurationList;
			buildConfigurations = (
				7CB14F941C7F3CE9009A5486 /* Debug */,
				7CB14F951C7F3CE9009A5486 /* Release */,
			);
			defaultConfigurationIsVisible = 0;
		};
/* End XCConfigurationList section */
	};
	rootObject = 7CB14F791C7F3CE8009A5486 /* Project object */;
}
